// !$*UTF8*$!
{
	archiveVersion = 1;
	classes = {
	};
	objectVersion = 54;
	objects = {

/* Begin PBXBuildFile section */
		1F1ED2D72DF0CE7500BE3022 /* PloytecDriver.iig in Sources */ = {isa = PBXBuildFile; fileRef = 1F1ED2D62DF0CE7500BE3022 /* PloytecDriver.iig */; };
		1F1ED2D92DF0CE8100BE3022 /* PloytecDriver.cpp in Sources */ = {isa = PBXBuildFile; fileRef = 1F1ED2D82DF0CE8100BE3022 /* PloytecDriver.cpp */; };
		1F9FA7792BFB8267000F6942 /* PloytecAudioDevice.cpp in Sources */ = {isa = PBXBuildFile; fileRef = 1F9FA7782BFB8267000F6942 /* PloytecAudioDevice.cpp */; };
		1F9FA77B2BFB829E000F6942 /* PloytecAudioDevice.iig in Sources */ = {isa = PBXBuildFile; fileRef = 1F9FA77A2BFB8284000F6942 /* PloytecAudioDevice.iig */; };
		1F9FA7812BFB9C8A000F6942 /* AudioDriverKit.framework in Frameworks */ = {isa = PBXBuildFile; fileRef = 1F9FA77C2BFB9BD9000F6942 /* AudioDriverKit.framework */; };
		1F9FA7822BFB9C9C000F6942 /* DriverKit.framework in Frameworks */ = {isa = PBXBuildFile; fileRef = 6F55576F22B2C52C00139F6B /* DriverKit.framework */; };
		1F9FA7862BFB9D65000F6942 /* USBDriverKit.framework in Frameworks */ = {isa = PBXBuildFile; fileRef = 1F9FA7852BFB9D62000F6942 /* USBDriverKit.framework */; };
		1FCE8FD42C3735E200313EB4 /* OzzyUserClient.mm in Sources */ = {isa = PBXBuildFile; fileRef = 1FCE8FD32C3735E200313EB4 /* OzzyUserClient.mm */; };
		1FCE8FD62C37368200313EB4 /* OzzyViewModel.swift in Sources */ = {isa = PBXBuildFile; fileRef = 1FCE8FD52C37368200313EB4 /* OzzyViewModel.swift */; };
		1FCE8FDA2C37434300313EB4 /* PloytecDriverUserClient.iig in Headers */ = {isa = PBXBuildFile; fileRef = 1FCE8FD92C37434300313EB4 /* PloytecDriverUserClient.iig */; };
		1FCE8FDB2C37434300313EB4 /* PloytecDriverUserClient.cpp in Sources */ = {isa = PBXBuildFile; fileRef = 1FCE8FD82C37434300313EB4 /* PloytecDriverUserClient.cpp */; };
		1FCE8FDD2C37446400313EB4 /* PloytecDriverKeys.h in Headers */ = {isa = PBXBuildFile; fileRef = 1FCE8FDC2C37446400313EB4 /* PloytecDriverKeys.h */; };
		1FCE8FDE2C37449F00313EB4 /* PloytecDriverUserClient.iig in Sources */ = {isa = PBXBuildFile; fileRef = 1FCE8FD92C37434300313EB4 /* PloytecDriverUserClient.iig */; };
		6F55575622B2C4D900139F6B /* Ozzy.swift in Sources */ = {isa = PBXBuildFile; fileRef = 6F55575522B2C4D900139F6B /* Ozzy.swift */; };
		6F55575822B2C4D900139F6B /* OzzyView.swift in Sources */ = {isa = PBXBuildFile; fileRef = 6F55575722B2C4D900139F6B /* OzzyView.swift */; };
		6F55575A22B2C4DB00139F6B /* Assets.xcassets in Resources */ = {isa = PBXBuildFile; fileRef = 6F55575922B2C4DB00139F6B /* Assets.xcassets */; };
		6F55575D22B2C4DB00139F6B /* Preview Assets.xcassets in Resources */ = {isa = PBXBuildFile; fileRef = 6F55575C22B2C4DB00139F6B /* Preview Assets.xcassets */; };
		6F55577A22B2C52C00139F6B /* sc.hackerman.ploytecdriver.dext in Embed System Extensions */ = {isa = PBXBuildFile; fileRef = 6F55576D22B2C52C00139F6B /* sc.hackerman.ploytecdriver.dext */; settings = {ATTRIBUTES = (RemoveHeadersOnCopy, ); }; };
/* End PBXBuildFile section */

/* Begin PBXContainerItemProxy section */
		6F55577822B2C52C00139F6B /* PBXContainerItemProxy */ = {
			isa = PBXContainerItemProxy;
			containerPortal = 6F55574A22B2C4D900139F6B /* Project object */;
			proxyType = 1;
			remoteGlobalIDString = 6F55576C22B2C52C00139F6B;
			remoteInfo = PloytecDriver;
		};
/* End PBXContainerItemProxy section */

/* Begin PBXCopyFilesBuildPhase section */
		6F55577E22B2C52C00139F6B /* Embed System Extensions */ = {
			isa = PBXCopyFilesBuildPhase;
			buildActionMask = 2147483647;
			dstPath = "$(SYSTEM_EXTENSIONS_FOLDER_PATH)";
			dstSubfolderSpec = 16;
			files = (
				6F55577A22B2C52C00139F6B /* sc.hackerman.ploytecdriver.dext in Embed System Extensions */,
			);
			name = "Embed System Extensions";
			runOnlyForDeploymentPostprocessing = 0;
		};
		6F55578222B2C54300139F6B /* Embed Frameworks */ = {
			isa = PBXCopyFilesBuildPhase;
			buildActionMask = 2147483647;
			dstPath = "";
			dstSubfolderSpec = 10;
			files = (
			);
			name = "Embed Frameworks";
			runOnlyForDeploymentPostprocessing = 0;
		};
/* End PBXCopyFilesBuildPhase section */

/* Begin PBXFileReference section */
		1F1ED2D62DF0CE7500BE3022 /* PloytecDriver.iig */ = {isa = PBXFileReference; lastKnownFileType = sourcecode.iig; path = PloytecDriver.iig; sourceTree = "<group>"; };
		1F1ED2D82DF0CE8100BE3022 /* PloytecDriver.cpp */ = {isa = PBXFileReference; lastKnownFileType = sourcecode.cpp.cpp; path = PloytecDriver.cpp; sourceTree = "<group>"; };
		1F9FA7782BFB8267000F6942 /* PloytecAudioDevice.cpp */ = {isa = PBXFileReference; lastKnownFileType = sourcecode.cpp.cpp; path = PloytecAudioDevice.cpp; sourceTree = "<group>"; };
		1F9FA77A2BFB8284000F6942 /* PloytecAudioDevice.iig */ = {isa = PBXFileReference; lastKnownFileType = sourcecode.iig; path = PloytecAudioDevice.iig; sourceTree = "<group>"; };
		1F9FA77C2BFB9BD9000F6942 /* AudioDriverKit.framework */ = {isa = PBXFileReference; lastKnownFileType = wrapper.framework; name = AudioDriverKit.framework; path = Platforms/DriverKit.platform/Developer/SDKs/DriverKit23.4.sdk/System/DriverKit/System/Library/Frameworks/AudioDriverKit.framework; sourceTree = DEVELOPER_DIR; };
		1F9FA7852BFB9D62000F6942 /* USBDriverKit.framework */ = {isa = PBXFileReference; lastKnownFileType = wrapper.framework; name = USBDriverKit.framework; path = Platforms/MacOSX.platform/Developer/SDKs/DriverKit19.0.sdk/System/DriverKit/System/Library/Frameworks/USBDriverKit.framework; sourceTree = DEVELOPER_DIR; };
		1FCE8FD22C3735E200313EB4 /* OzzyUserClient.h */ = {isa = PBXFileReference; lastKnownFileType = sourcecode.c.h; path = OzzyUserClient.h; sourceTree = "<group>"; };
		1FCE8FD32C3735E200313EB4 /* OzzyUserClient.mm */ = {isa = PBXFileReference; lastKnownFileType = sourcecode.cpp.objcpp; path = OzzyUserClient.mm; sourceTree = "<group>"; };
		1FCE8FD52C37368200313EB4 /* OzzyViewModel.swift */ = {isa = PBXFileReference; lastKnownFileType = sourcecode.swift; path = OzzyViewModel.swift; sourceTree = "<group>"; };
		1FCE8FD72C3738C400313EB4 /* PloytecDriverKeys.h */ = {isa = PBXFileReference; lastKnownFileType = sourcecode.c.h; path = PloytecDriverKeys.h; sourceTree = "<group>"; };
		1FCE8FD82C37434300313EB4 /* PloytecDriverUserClient.cpp */ = {isa = PBXFileReference; lastKnownFileType = sourcecode.cpp.cpp; path = PloytecDriverUserClient.cpp; sourceTree = "<group>"; };
		1FCE8FD92C37434300313EB4 /* PloytecDriverUserClient.iig */ = {isa = PBXFileReference; lastKnownFileType = sourcecode.iig; path = PloytecDriverUserClient.iig; sourceTree = "<group>"; };
		1FCE8FDC2C37446400313EB4 /* PloytecDriverKeys.h */ = {isa = PBXFileReference; lastKnownFileType = sourcecode.c.h; path = PloytecDriverKeys.h; sourceTree = "<group>"; };
		6F55575222B2C4D900139F6B /* Ozzy.app */ = {isa = PBXFileReference; explicitFileType = wrapper.application; includeInIndex = 0; path = Ozzy.app; sourceTree = BUILT_PRODUCTS_DIR; };
		6F55575522B2C4D900139F6B /* Ozzy.swift */ = {isa = PBXFileReference; lastKnownFileType = sourcecode.swift; path = Ozzy.swift; sourceTree = "<group>"; };
		6F55575722B2C4D900139F6B /* OzzyView.swift */ = {isa = PBXFileReference; lastKnownFileType = sourcecode.swift; path = OzzyView.swift; sourceTree = "<group>"; };
		6F55575922B2C4DB00139F6B /* Assets.xcassets */ = {isa = PBXFileReference; lastKnownFileType = folder.assetcatalog; path = Assets.xcassets; sourceTree = "<group>"; };
		6F55575C22B2C4DB00139F6B /* Preview Assets.xcassets */ = {isa = PBXFileReference; lastKnownFileType = folder.assetcatalog; path = "Preview Assets.xcassets"; sourceTree = "<group>"; };
		6F55576122B2C4DB00139F6B /* Info.plist */ = {isa = PBXFileReference; lastKnownFileType = text.plist.xml; path = Info.plist; sourceTree = "<group>"; };
		6F55576222B2C4DB00139F6B /* Ozzy.entitlements */ = {isa = PBXFileReference; lastKnownFileType = text.plist.entitlements; path = Ozzy.entitlements; sourceTree = "<group>"; };
		6F55576D22B2C52C00139F6B /* sc.hackerman.ploytecdriver.dext */ = {isa = PBXFileReference; explicitFileType = "wrapper.driver-extension"; includeInIndex = 0; path = sc.hackerman.ploytecdriver.dext; sourceTree = BUILT_PRODUCTS_DIR; };
		6F55576F22B2C52C00139F6B /* DriverKit.framework */ = {isa = PBXFileReference; lastKnownFileType = wrapper.framework; name = DriverKit.framework; path = System/Library/Frameworks/DriverKit.framework; sourceTree = SDKROOT; };
		6F55577622B2C52C00139F6B /* Info.plist */ = {isa = PBXFileReference; lastKnownFileType = text.plist.xml; path = Info.plist; sourceTree = "<group>"; };
		6F55577722B2C52C00139F6B /* PloytecDriver.entitlements */ = {isa = PBXFileReference; lastKnownFileType = text.plist.entitlements; path = PloytecDriver.entitlements; sourceTree = "<group>"; };
/* End PBXFileReference section */

/* Begin PBXFrameworksBuildPhase section */
		6F55574F22B2C4D900139F6B /* Frameworks */ = {
			isa = PBXFrameworksBuildPhase;
			buildActionMask = 2147483647;
			files = (
			);
			runOnlyForDeploymentPostprocessing = 0;
		};
		6F55576A22B2C52C00139F6B /* Frameworks */ = {
			isa = PBXFrameworksBuildPhase;
			buildActionMask = 2147483647;
			files = (
				1F9FA7812BFB9C8A000F6942 /* AudioDriverKit.framework in Frameworks */,
				1F9FA7822BFB9C9C000F6942 /* DriverKit.framework in Frameworks */,
				1F9FA7862BFB9D65000F6942 /* USBDriverKit.framework in Frameworks */,
			);
			runOnlyForDeploymentPostprocessing = 0;
		};
/* End PBXFrameworksBuildPhase section */

/* Begin PBXGroup section */
		6F55574922B2C4D900139F6B = {
			isa = PBXGroup;
			children = (
				6F55575422B2C4D900139F6B /* Ozzy */,
				6F55577122B2C52C00139F6B /* PloytecDriver */,
				6F55575322B2C4D900139F6B /* Products */,
			);
			sourceTree = "<group>";
		};
		6F55575322B2C4D900139F6B /* Products */ = {
			isa = PBXGroup;
			children = (
				6F55575222B2C4D900139F6B /* Ozzy.app */,
				6F55576D22B2C52C00139F6B /* sc.hackerman.ploytecdriver.dext */,
			);
			name = Products;
			sourceTree = "<group>";
		};
		6F55575422B2C4D900139F6B /* Ozzy */ = {
			isa = PBXGroup;
			children = (
				6F55576122B2C4DB00139F6B /* Info.plist */,
				6F55576222B2C4DB00139F6B /* Ozzy.entitlements */,
				6F55575522B2C4D900139F6B /* Ozzy.swift */,
				6F55575722B2C4D900139F6B /* OzzyView.swift */,
				1FCE8FD52C37368200313EB4 /* OzzyViewModel.swift */,
				1FCE8FD32C3735E200313EB4 /* OzzyUserClient.mm */,
				1FCE8FD22C3735E200313EB4 /* OzzyUserClient.h */,
				1FCE8FD72C3738C400313EB4 /* PloytecDriverKeys.h */,
				6F55575922B2C4DB00139F6B /* Assets.xcassets */,
				6F55575B22B2C4DB00139F6B /* Preview Content */,
			);
			path = Ozzy;
			sourceTree = "<group>";
		};
		6F55575B22B2C4DB00139F6B /* Preview Content */ = {
			isa = PBXGroup;
			children = (
				6F55575C22B2C4DB00139F6B /* Preview Assets.xcassets */,
			);
			path = "Preview Content";
			sourceTree = "<group>";
		};
		6F55576E22B2C52C00139F6B /* Frameworks */ = {
			isa = PBXGroup;
			children = (
				6F55576F22B2C52C00139F6B /* DriverKit.framework */,
				1F9FA7852BFB9D62000F6942 /* USBDriverKit.framework */,
				1F9FA77C2BFB9BD9000F6942 /* AudioDriverKit.framework */,
			);
			name = Frameworks;
			path = ..;
			sourceTree = "<group>";
		};
		6F55577122B2C52C00139F6B /* PloytecDriver */ = {
			isa = PBXGroup;
			children = (
				6F55577622B2C52C00139F6B /* Info.plist */,
				6F55577722B2C52C00139F6B /* PloytecDriver.entitlements */,
				1F1ED2D82DF0CE8100BE3022 /* PloytecDriver.cpp */,
				1F1ED2D62DF0CE7500BE3022 /* PloytecDriver.iig */,
				1FCE8FD82C37434300313EB4 /* PloytecDriverUserClient.cpp */,
				1FCE8FD92C37434300313EB4 /* PloytecDriverUserClient.iig */,
				1F9FA7782BFB8267000F6942 /* PloytecAudioDevice.cpp */,
				1F9FA77A2BFB8284000F6942 /* PloytecAudioDevice.iig */,
				1FCE8FDC2C37446400313EB4 /* PloytecDriverKeys.h */,
				6F55576E22B2C52C00139F6B /* Frameworks */,
			);
			path = PloytecDriver;
			sourceTree = "<group>";
		};
/* End PBXGroup section */

/* Begin PBXHeadersBuildPhase section */
		6F55576822B2C52C00139F6B /* Headers */ = {
			isa = PBXHeadersBuildPhase;
			buildActionMask = 2147483647;
			files = (
				1FCE8FDA2C37434300313EB4 /* PloytecDriverUserClient.iig in Headers */,
				1FCE8FDD2C37446400313EB4 /* PloytecDriverKeys.h in Headers */,
			);
			runOnlyForDeploymentPostprocessing = 0;
		};
/* End PBXHeadersBuildPhase section */

/* Begin PBXNativeTarget section */
		6F55575122B2C4D900139F6B /* Ozzy */ = {
			isa = PBXNativeTarget;
			buildConfigurationList = 6F55576522B2C4DB00139F6B /* Build configuration list for PBXNativeTarget "Ozzy" */;
			buildPhases = (
				6F55574E22B2C4D900139F6B /* Sources */,
				6F55574F22B2C4D900139F6B /* Frameworks */,
				6F55575022B2C4D900139F6B /* Resources */,
				6F55577E22B2C52C00139F6B /* Embed System Extensions */,
			);
			buildRules = (
			);
			dependencies = (
				6F55577922B2C52C00139F6B /* PBXTargetDependency */,
			);
			name = Ozzy;
			productName = USBApp;
			productReference = 6F55575222B2C4D900139F6B /* Ozzy.app */;
			productType = "com.apple.product-type.application";
		};
		6F55576C22B2C52C00139F6B /* PloytecDriver */ = {
			isa = PBXNativeTarget;
			buildConfigurationList = 6F55577B22B2C52C00139F6B /* Build configuration list for PBXNativeTarget "PloytecDriver" */;
			buildPhases = (
				6F55576822B2C52C00139F6B /* Headers */,
				6F55576922B2C52C00139F6B /* Sources */,
				6F55576A22B2C52C00139F6B /* Frameworks */,
				6F55576B22B2C52C00139F6B /* Resources */,
				6F55578222B2C54300139F6B /* Embed Frameworks */,
			);
			buildRules = (
			);
			dependencies = (
			);
			name = PloytecDriver;
			productName = PloytecDriver;
			productReference = 6F55576D22B2C52C00139F6B /* sc.hackerman.ploytecdriver.dext */;
			productType = "com.apple.product-type.driver-extension";
		};
/* End PBXNativeTarget section */

/* Begin PBXProject section */
		6F55574A22B2C4D900139F6B /* Project object */ = {
			isa = PBXProject;
			attributes = {
				BuildIndependentTargetsInParallel = YES;
				LastSwiftUpdateCheck = 1100;
				LastUpgradeCheck = 1540;
				ORGANIZATIONNAME = Hackerman;
				TargetAttributes = {
					6F55575122B2C4D900139F6B = {
						CreatedOnToolsVersion = 11.0;
						LastSwiftMigration = 1540;
					};
					6F55576C22B2C52C00139F6B = {
						CreatedOnToolsVersion = 11.0;
					};
				};
			};
			buildConfigurationList = 6F55574D22B2C4D900139F6B /* Build configuration list for PBXProject "PloytecDriver" */;
			compatibilityVersion = "Xcode 9.3";
			developmentRegion = en;
			hasScannedForEncodings = 0;
			knownRegions = (
				en,
				Base,
			);
			mainGroup = 6F55574922B2C4D900139F6B;
			productRefGroup = 6F55575322B2C4D900139F6B /* Products */;
			projectDirPath = "";
			projectRoot = "";
			targets = (
				6F55575122B2C4D900139F6B /* Ozzy */,
				6F55576C22B2C52C00139F6B /* PloytecDriver */,
			);
		};
/* End PBXProject section */

/* Begin PBXResourcesBuildPhase section */
		6F55575022B2C4D900139F6B /* Resources */ = {
			isa = PBXResourcesBuildPhase;
			buildActionMask = 2147483647;
			files = (
				6F55575D22B2C4DB00139F6B /* Preview Assets.xcassets in Resources */,
				6F55575A22B2C4DB00139F6B /* Assets.xcassets in Resources */,
			);
			runOnlyForDeploymentPostprocessing = 0;
		};
		6F55576B22B2C52C00139F6B /* Resources */ = {
			isa = PBXResourcesBuildPhase;
			buildActionMask = 2147483647;
			files = (
			);
			runOnlyForDeploymentPostprocessing = 0;
		};
/* End PBXResourcesBuildPhase section */

/* Begin PBXSourcesBuildPhase section */
		6F55574E22B2C4D900139F6B /* Sources */ = {
			isa = PBXSourcesBuildPhase;
			buildActionMask = 2147483647;
			files = (
				1FCE8FD42C3735E200313EB4 /* OzzyUserClient.mm in Sources */,
				6F55575822B2C4D900139F6B /* OzzyView.swift in Sources */,
				1FCE8FD62C37368200313EB4 /* OzzyViewModel.swift in Sources */,
				6F55575622B2C4D900139F6B /* Ozzy.swift in Sources */,
			);
			runOnlyForDeploymentPostprocessing = 0;
		};
		6F55576922B2C52C00139F6B /* Sources */ = {
			isa = PBXSourcesBuildPhase;
			buildActionMask = 2147483647;
			files = (
				1FCE8FDE2C37449F00313EB4 /* PloytecDriverUserClient.iig in Sources */,
				1F1ED2D92DF0CE8100BE3022 /* PloytecDriver.cpp in Sources */,
				1FCE8FDB2C37434300313EB4 /* PloytecDriverUserClient.cpp in Sources */,
				1F9FA7792BFB8267000F6942 /* PloytecAudioDevice.cpp in Sources */,
				1F1ED2D72DF0CE7500BE3022 /* PloytecDriver.iig in Sources */,
				1F9FA77B2BFB829E000F6942 /* PloytecAudioDevice.iig in Sources */,
			);
			runOnlyForDeploymentPostprocessing = 0;
		};
/* End PBXSourcesBuildPhase section */

/* Begin PBXTargetDependency section */
		6F55577922B2C52C00139F6B /* PBXTargetDependency */ = {
			isa = PBXTargetDependency;
			target = 6F55576C22B2C52C00139F6B /* PloytecDriver */;
			targetProxy = 6F55577822B2C52C00139F6B /* PBXContainerItemProxy */;
		};
/* End PBXTargetDependency section */

/* Begin XCBuildConfiguration section */
		6F55576322B2C4DB00139F6B /* Debug */ = {
			isa = XCBuildConfiguration;
			buildSettings = {
				ALWAYS_SEARCH_USER_PATHS = NO;
				ARCHS = (
					arm64e,
					x86_64,
				);
				CODE_SIGN_IDENTITY = "";
				CODE_SIGN_STYLE = Manual;
				DRIVERKIT_DEPLOYMENT_TARGET = 21.0;
				MACOSX_DEPLOYMENT_TARGET = 12.0;
				PRODUCT_MODULE_NAME = ploytecdriver;
				SDKROOT = driverkit;
				SWIFT_VERSION = 5.0;
			};
			name = Debug;
		};
		6F55576422B2C4DB00139F6B /* Release */ = {
			isa = XCBuildConfiguration;
			buildSettings = {
				ALWAYS_SEARCH_USER_PATHS = NO;
				ARCHS = (
					arm64e,
					x86_64,
				);
				CODE_SIGN_IDENTITY = "";
				CODE_SIGN_STYLE = Manual;
				DRIVERKIT_DEPLOYMENT_TARGET = 21.0;
				MACOSX_DEPLOYMENT_TARGET = 12.0;
				PRODUCT_MODULE_NAME = ploytecdriver;
				SDKROOT = driverkit;
				SWIFT_VERSION = 5.0;
			};
			name = Release;
		};
		6F55576622B2C4DB00139F6B /* Debug */ = {
			isa = XCBuildConfiguration;
			buildSettings = {
				CLANG_ENABLE_MODULES = YES;
				INFOPLIST_FILE = "$(SRCROOT)/Ozzy/Info.plist";
				PRODUCT_BUNDLE_IDENTIFIER = sc.hackerman.ozzy;
				PRODUCT_NAME = Ozzy;
				SDKROOT = macosx;
				SWIFT_OBJC_BRIDGING_HEADER = Ozzy/OzzyUserClient.h;
				SWIFT_VERSION = 5.0;
			};
			name = Debug;
		};
		6F55576722B2C4DB00139F6B /* Release */ = {
			isa = XCBuildConfiguration;
			buildSettings = {
				CLANG_ENABLE_MODULES = YES;
				INFOPLIST_FILE = "$(SRCROOT)/Ozzy/Info.plist";
				PRODUCT_BUNDLE_IDENTIFIER = sc.hackerman.ozzy;
				PRODUCT_NAME = Ozzy;
				SDKROOT = macosx;
				SWIFT_OBJC_BRIDGING_HEADER = Ozzy/OzzyUserClient.h;
				SWIFT_VERSION = 5.0;
			};
			name = Release;
		};
		6F55577C22B2C52C00139F6B /* Debug */ = {
			isa = XCBuildConfiguration;
			buildSettings = {
				CLANG_CXX_LANGUAGE_STANDARD = "gnu++20";
				CODE_SIGN_IDENTITY = "";
				CODE_SIGN_STYLE = Manual;
				DEVELOPMENT_TEAM = "";
				INFOPLIST_FILE = "$(SRCROOT)/PloytecDriver/Info.plist";
				PRODUCT_BUNDLE_IDENTIFIER = sc.hackerman.ploytecdriver;
				PROVISIONING_PROFILE_SPECIFIER = "";
				SDKROOT = driverkit;
			};
			name = Debug;
		};
		6F55577D22B2C52C00139F6B /* Release */ = {
			isa = XCBuildConfiguration;
			buildSettings = {
				CLANG_CXX_LANGUAGE_STANDARD = "gnu++20";
				CODE_SIGN_IDENTITY = "";
				CODE_SIGN_STYLE = Manual;
				DEVELOPMENT_TEAM = "";
				INFOPLIST_FILE = "$(SRCROOT)/PloytecDriver/Info.plist";
				PRODUCT_BUNDLE_IDENTIFIER = sc.hackerman.ploytecdriver;
				PROVISIONING_PROFILE_SPECIFIER = "";
				SDKROOT = driverkit;
			};
			name = Release;
		};
/* End XCBuildConfiguration section */

/* Begin XCConfigurationList section */
		6F55574D22B2C4D900139F6B /* Build configuration list for PBXProject "PloytecDriver" */ = {
			isa = XCConfigurationList;
			buildConfigurations = (
				6F55576322B2C4DB00139F6B /* Debug */,
				6F55576422B2C4DB00139F6B /* Release */,
			);
			defaultConfigurationIsVisible = 0;
			defaultConfigurationName = Release;
		};
		6F55576522B2C4DB00139F6B /* Build configuration list for PBXNativeTarget "Ozzy" */ = {
			isa = XCConfigurationList;
			buildConfigurations = (
				6F55576622B2C4DB00139F6B /* Debug */,
				6F55576722B2C4DB00139F6B /* Release */,
			);
			defaultConfigurationIsVisible = 0;
			defaultConfigurationName = Release;
		};
		6F55577B22B2C52C00139F6B /* Build configuration list for PBXNativeTarget "PloytecDriver" */ = {
			isa = XCConfigurationList;
			buildConfigurations = (
				6F55577C22B2C52C00139F6B /* Debug */,
				6F55577D22B2C52C00139F6B /* Release */,
			);
			defaultConfigurationIsVisible = 0;
			defaultConfigurationName = Release;
		};
/* End XCConfigurationList section */
	};
	rootObject = 6F55574A22B2C4D900139F6B /* Project object */;
}
